// !$*UTF8*$!
{
	archiveVersion = 1;
	classes = {
	};
	objectVersion = 77;
	objects = {

/* Begin PBXBuildFile section */
		BB46825B2D9002A100B5165D /* whisper.xcframework in Frameworks */ = {isa = PBXBuildFile; fileRef = BB46825A2D9002A100B5165D /* whisper.xcframework */; };
		BB46825C2D9002A100B5165D /* whisper.xcframework in Embed Frameworks */ = {isa = PBXBuildFile; fileRef = BB46825A2D9002A100B5165D /* whisper.xcframework */; settings = {ATTRIBUTES = (CodeSignOnCopy, RemoveHeadersOnCopy, ); }; };
		BB4682622D9002DE00B5165D /* ggml-base-q5_1.bin in Resources */ = {isa = PBXBuildFile; fileRef = BB46825F2D9002DE00B5165D /* ggml-base-q5_1.bin */; };
/* End PBXBuildFile section */

/* Begin PBXContainerItemProxy section */
		BB71AE662D8E888100FC4CA0 /* PBXContainerItemProxy */ = {
			isa = PBXContainerItemProxy;
			containerPortal = BB71AE4D2D8E888000FC4CA0 /* Project object */;
			proxyType = 1;
			remoteGlobalIDString = BB71AE542D8E888000FC4CA0;
			remoteInfo = YapNotes;
		};
		BB71AE702D8E888100FC4CA0 /* PBXContainerItemProxy */ = {
			isa = PBXContainerItemProxy;
			containerPortal = BB71AE4D2D8E888000FC4CA0 /* Project object */;
			proxyType = 1;
			remoteGlobalIDString = BB71AE542D8E888000FC4CA0;
			remoteInfo = YapNotes;
		};
/* End PBXContainerItemProxy section */

/* Begin PBXCopyFilesBuildPhase section */
		BB46825D2D9002A100B5165D /* Embed Frameworks */ = {
			isa = PBXCopyFilesBuildPhase;
			buildActionMask = 2147483647;
			dstPath = "";
			dstSubfolderSpec = 10;
			files = (
				BB46825C2D9002A100B5165D /* whisper.xcframework in Embed Frameworks */,
			);
			name = "Embed Frameworks";
			runOnlyForDeploymentPostprocessing = 0;
		};
/* End PBXCopyFilesBuildPhase section */

/* Begin PBXFileReference section */
		BB46825A2D9002A100B5165D /* whisper.xcframework */ = {isa = PBXFileReference; lastKnownFileType = wrapper.xcframework; name = whisper.xcframework; path = "../whisper.cpp/build-apple/whisper.xcframework"; sourceTree = "<group>"; };
		BB46825F2D9002DE00B5165D /* ggml-base-q5_1.bin */ = {isa = PBXFileReference; lastKnownFileType = archive.macbinary; path = "ggml-base-q5_1.bin"; sourceTree = "<group>"; };
		BB71AE552D8E888000FC4CA0 /* YapNotes.app */ = {isa = PBXFileReference; explicitFileType = wrapper.application; includeInIndex = 0; path = YapNotes.app; sourceTree = BUILT_PRODUCTS_DIR; };
		BB71AE652D8E888100FC4CA0 /* YapNotesTests.xctest */ = {isa = PBXFileReference; explicitFileType = wrapper.cfbundle; includeInIndex = 0; path = YapNotesTests.xctest; sourceTree = BUILT_PRODUCTS_DIR; };
		BB71AE6F2D8E888100FC4CA0 /* YapNotesUITests.xctest */ = {isa = PBXFileReference; explicitFileType = wrapper.cfbundle; includeInIndex = 0; path = YapNotesUITests.xctest; sourceTree = BUILT_PRODUCTS_DIR; };
/* End PBXFileReference section */

/* Begin PBXFileSystemSynchronizedBuildFileExceptionSet section */
		BB4682582D90027D00B5165D /* Exceptions for "YapNotes" folder in "YapNotes" target */ = {
			isa = PBXFileSystemSynchronizedBuildFileExceptionSet;
			membershipExceptions = (
				Info.plist,
			);
			target = BB71AE542D8E888000FC4CA0 /* YapNotes */;
		};
/* End PBXFileSystemSynchronizedBuildFileExceptionSet section */

/* Begin PBXFileSystemSynchronizedRootGroup section */
		BB71AE572D8E888000FC4CA0 /* YapNotes */ = {
			isa = PBXFileSystemSynchronizedRootGroup;
			exceptions = (
				BB4682582D90027D00B5165D /* Exceptions for "YapNotes" folder in "YapNotes" target */,
			);
			path = YapNotes;
			sourceTree = "<group>";
		};
		BB71AE682D8E888100FC4CA0 /* YapNotesTests */ = {
			isa = PBXFileSystemSynchronizedRootGroup;
			path = YapNotesTests;
			sourceTree = "<group>";
		};
		BB71AE722D8E888100FC4CA0 /* YapNotesUITests */ = {
			isa = PBXFileSystemSynchronizedRootGroup;
			path = YapNotesUITests;
			sourceTree = "<group>";
		};
/* End PBXFileSystemSynchronizedRootGroup section */

/* Begin PBXFrameworksBuildPhase section */
		BB71AE522D8E888000FC4CA0 /* Frameworks */ = {
			isa = PBXFrameworksBuildPhase;
			buildActionMask = 2147483647;
			files = (
				BB46825B2D9002A100B5165D /* whisper.xcframework in Frameworks */,
			);
			runOnlyForDeploymentPostprocessing = 0;
		};
		BB71AE622D8E888100FC4CA0 /* Frameworks */ = {
			isa = PBXFrameworksBuildPhase;
			buildActionMask = 2147483647;
			files = (
			);
			runOnlyForDeploymentPostprocessing = 0;
		};
		BB71AE6C2D8E888100FC4CA0 /* Frameworks */ = {
			isa = PBXFrameworksBuildPhase;
			buildActionMask = 2147483647;
			files = (
			);
			runOnlyForDeploymentPostprocessing = 0;
		};
/* End PBXFrameworksBuildPhase section */

/* Begin PBXGroup section */
		BB4682592D9002A100B5165D /* Frameworks */ = {
			isa = PBXGroup;
			children = (
				BB46825A2D9002A100B5165D /* whisper.xcframework */,
			);
			name = Frameworks;
			sourceTree = "<group>";
		};
		BB4682602D9002DE00B5165D /* Models */ = {
			isa = PBXGroup;
			children = (
				BB46825F2D9002DE00B5165D /* ggml-base-q5_1.bin */,
			);
			path = Models;
			sourceTree = "<group>";
		};
		BB4682612D9002DE00B5165D /* Resources */ = {
			isa = PBXGroup;
			children = (
				BB4682602D9002DE00B5165D /* Models */,
			);
			path = Resources;
			sourceTree = "<group>";
		};
		BB71AE4C2D8E888000FC4CA0 = {
			isa = PBXGroup;
			children = (
				BB71AE572D8E888000FC4CA0 /* YapNotes */,
				BB71AE682D8E888100FC4CA0 /* YapNotesTests */,
				BB71AE722D8E888100FC4CA0 /* YapNotesUITests */,
				BB4682592D9002A100B5165D /* Frameworks */,
				BB71AE562D8E888000FC4CA0 /* Products */,
				BB4682612D9002DE00B5165D /* Resources */,
			);
			sourceTree = "<group>";
		};
		BB71AE562D8E888000FC4CA0 /* Products */ = {
			isa = PBXGroup;
			children = (
				BB71AE552D8E888000FC4CA0 /* YapNotes.app */,
				BB71AE652D8E888100FC4CA0 /* YapNotesTests.xctest */,
				BB71AE6F2D8E888100FC4CA0 /* YapNotesUITests.xctest */,
			);
			name = Products;
			sourceTree = "<group>";
		};
/* End PBXGroup section */

/* Begin PBXNativeTarget section */
		BB71AE542D8E888000FC4CA0 /* YapNotes */ = {
			isa = PBXNativeTarget;
			buildConfigurationList = BB71AE792D8E888100FC4CA0 /* Build configuration list for PBXNativeTarget "YapNotes" */;
			buildPhases = (
				BB71AE512D8E888000FC4CA0 /* Sources */,
				BB71AE522D8E888000FC4CA0 /* Frameworks */,
				BB71AE532D8E888000FC4CA0 /* Resources */,
				BB46825D2D9002A100B5165D /* Embed Frameworks */,
			);
			buildRules = (
			);
			dependencies = (
			);
			fileSystemSynchronizedGroups = (
				BB71AE572D8E888000FC4CA0 /* YapNotes */,
			);
			name = YapNotes;
			packageProductDependencies = (
			);
			productName = YapNotes;
			productReference = BB71AE552D8E888000FC4CA0 /* YapNotes.app */;
			productType = "com.apple.product-type.application";
		};
		BB71AE642D8E888100FC4CA0 /* YapNotesTests */ = {
			isa = PBXNativeTarget;
			buildConfigurationList = BB71AE7C2D8E888100FC4CA0 /* Build configuration list for PBXNativeTarget "YapNotesTests" */;
			buildPhases = (
				BB71AE612D8E888100FC4CA0 /* Sources */,
				BB71AE622D8E888100FC4CA0 /* Frameworks */,
				BB71AE632D8E888100FC4CA0 /* Resources */,
			);
			buildRules = (
			);
			dependencies = (
				BB71AE672D8E888100FC4CA0 /* PBXTargetDependency */,
			);
			fileSystemSynchronizedGroups = (
				BB71AE682D8E888100FC4CA0 /* YapNotesTests */,
			);
			name = YapNotesTests;
			packageProductDependencies = (
			);
			productName = YapNotesTests;
			productReference = BB71AE652D8E888100FC4CA0 /* YapNotesTests.xctest */;
			productType = "com.apple.product-type.bundle.unit-test";
		};
		BB71AE6E2D8E888100FC4CA0 /* YapNotesUITests */ = {
			isa = PBXNativeTarget;
			buildConfigurationList = BB71AE7F2D8E888100FC4CA0 /* Build configuration list for PBXNativeTarget "YapNotesUITests" */;
			buildPhases = (
				BB71AE6B2D8E888100FC4CA0 /* Sources */,
				BB71AE6C2D8E888100FC4CA0 /* Frameworks */,
				BB71AE6D2D8E888100FC4CA0 /* Resources */,
			);
			buildRules = (
			);
			dependencies = (
				BB71AE712D8E888100FC4CA0 /* PBXTargetDependency */,
			);
			fileSystemSynchronizedGroups = (
				BB71AE722D8E888100FC4CA0 /* YapNotesUITests */,
			);
			name = YapNotesUITests;
			packageProductDependencies = (
			);
			productName = YapNotesUITests;
			productReference = BB71AE6F2D8E888100FC4CA0 /* YapNotesUITests.xctest */;
			productType = "com.apple.product-type.bundle.ui-testing";
		};
/* End PBXNativeTarget section */

/* Begin PBXProject section */
		BB71AE4D2D8E888000FC4CA0 /* Project object */ = {
			isa = PBXProject;
			attributes = {
				BuildIndependentTargetsInParallel = 1;
				LastSwiftUpdateCheck = 1610;
				LastUpgradeCheck = 1610;
				TargetAttributes = {
					BB71AE542D8E888000FC4CA0 = {
						CreatedOnToolsVersion = 16.1;
					};
					BB71AE642D8E888100FC4CA0 = {
						CreatedOnToolsVersion = 16.1;
						TestTargetID = BB71AE542D8E888000FC4CA0;
					};
					BB71AE6E2D8E888100FC4CA0 = {
						CreatedOnToolsVersion = 16.1;
						TestTargetID = BB71AE542D8E888000FC4CA0;
					};
				};
			};
			buildConfigurationList = BB71AE502D8E888000FC4CA0 /* Build configuration list for PBXProject "YapNotes" */;
			developmentRegion = en;
			hasScannedForEncodings = 0;
			knownRegions = (
				en,
				Base,
			);
			mainGroup = BB71AE4C2D8E888000FC4CA0;
			minimizedProjectReferenceProxies = 1;
			preferredProjectObjectVersion = 77;
			productRefGroup = BB71AE562D8E888000FC4CA0 /* Products */;
			projectDirPath = "";
			projectRoot = "";
			targets = (
				BB71AE542D8E888000FC4CA0 /* YapNotes */,
				BB71AE642D8E888100FC4CA0 /* YapNotesTests */,
				BB71AE6E2D8E888100FC4CA0 /* YapNotesUITests */,
			);
		};
/* End PBXProject section */

/* Begin PBXResourcesBuildPhase section */
		BB71AE532D8E888000FC4CA0 /* Resources */ = {
			isa = PBXResourcesBuildPhase;
			buildActionMask = 2147483647;
			files = (
				BB4682622D9002DE00B5165D /* ggml-base-q5_1.bin in Resources */,
			);
			runOnlyForDeploymentPostprocessing = 0;
		};
		BB71AE632D8E888100FC4CA0 /* Resources */ = {
			isa = PBXResourcesBuildPhase;
			buildActionMask = 2147483647;
			files = (
			);
			runOnlyForDeploymentPostprocessing = 0;
		};
		BB71AE6D2D8E888100FC4CA0 /* Resources */ = {
			isa = PBXResourcesBuildPhase;
			buildActionMask = 2147483647;
			files = (
			);
			runOnlyForDeploymentPostprocessing = 0;
		};
/* End PBXResourcesBuildPhase section */

/* Begin PBXSourcesBuildPhase section */
		BB71AE512D8E888000FC4CA0 /* Sources */ = {
			isa = PBXSourcesBuildPhase;
			buildActionMask = 2147483647;
			files = (
			);
			runOnlyForDeploymentPostprocessing = 0;
		};
		BB71AE612D8E888100FC4CA0 /* Sources */ = {
			isa = PBXSourcesBuildPhase;
			buildActionMask = 2147483647;
			files = (
			);
			runOnlyForDeploymentPostprocessing = 0;
		};
		BB71AE6B2D8E888100FC4CA0 /* Sources */ = {
			isa = PBXSourcesBuildPhase;
			buildActionMask = 2147483647;
			files = (
			);
			runOnlyForDeploymentPostprocessing = 0;
		};
/* End PBXSourcesBuildPhase section */

/* Begin PBXTargetDependency section */
		BB71AE672D8E888100FC4CA0 /* PBXTargetDependency */ = {
			isa = PBXTargetDependency;
			target = BB71AE542D8E888000FC4CA0 /* YapNotes */;
			targetProxy = BB71AE662D8E888100FC4CA0 /* PBXContainerItemProxy */;
		};
		BB71AE712D8E888100FC4CA0 /* PBXTargetDependency */ = {
			isa = PBXTargetDependency;
			target = BB71AE542D8E888000FC4CA0 /* YapNotes */;
			targetProxy = BB71AE702D8E888100FC4CA0 /* PBXContainerItemProxy */;
		};
/* End PBXTargetDependency section */

/* Begin XCBuildConfiguration section */
		BB71AE772D8E888100FC4CA0 /* Debug */ = {
			isa = XCBuildConfiguration;
			buildSettings = {
				ALWAYS_SEARCH_USER_PATHS = NO;
				ASSETCATALOG_COMPILER_GENERATE_SWIFT_ASSET_SYMBOL_EXTENSIONS = YES;
				CLANG_ANALYZER_NONNULL = YES;
				CLANG_ANALYZER_NUMBER_OBJECT_CONVERSION = YES_AGGRESSIVE;
				CLANG_CXX_LANGUAGE_STANDARD = "gnu++20";
				CLANG_ENABLE_MODULES = YES;
				CLANG_ENABLE_OBJC_ARC = YES;
				CLANG_ENABLE_OBJC_WEAK = YES;
				CLANG_WARN_BLOCK_CAPTURE_AUTORELEASING = YES;
				CLANG_WARN_BOOL_CONVERSION = YES;
				CLANG_WARN_COMMA = YES;
				CLANG_WARN_CONSTANT_CONVERSION = YES;
				CLANG_WARN_DEPRECATED_OBJC_IMPLEMENTATIONS = YES;
				CLANG_WARN_DIRECT_OBJC_ISA_USAGE = YES_ERROR;
				CLANG_WARN_DOCUMENTATION_COMMENTS = YES;
				CLANG_WARN_EMPTY_BODY = YES;
				CLANG_WARN_ENUM_CONVERSION = YES;
				CLANG_WARN_INFINITE_RECURSION = YES;
				CLANG_WARN_INT_CONVERSION = YES;
				CLANG_WARN_NON_LITERAL_NULL_CONVERSION = YES;
				CLANG_WARN_OBJC_IMPLICIT_RETAIN_SELF = YES;
				CLANG_WARN_OBJC_LITERAL_CONVERSION = YES;
				CLANG_WARN_OBJC_ROOT_CLASS = YES_ERROR;
				CLANG_WARN_QUOTED_INCLUDE_IN_FRAMEWORK_HEADER = YES;
				CLANG_WARN_RANGE_LOOP_ANALYSIS = YES;
				CLANG_WARN_STRICT_PROTOTYPES = YES;
				CLANG_WARN_SUSPICIOUS_MOVE = YES;
				CLANG_WARN_UNGUARDED_AVAILABILITY = YES_AGGRESSIVE;
				CLANG_WARN_UNREACHABLE_CODE = YES;
				CLANG_WARN__DUPLICATE_METHOD_MATCH = YES;
				COPY_PHASE_STRIP = NO;
				DEBUG_INFORMATION_FORMAT = dwarf;
				ENABLE_STRICT_OBJC_MSGSEND = YES;
				ENABLE_TESTABILITY = YES;
				ENABLE_USER_SCRIPT_SANDBOXING = YES;
				GCC_C_LANGUAGE_STANDARD = gnu17;
				GCC_DYNAMIC_NO_PIC = NO;
				GCC_NO_COMMON_BLOCKS = YES;
				GCC_OPTIMIZATION_LEVEL = 0;
				GCC_PREPROCESSOR_DEFINITIONS = (
					"DEBUG=1",
					"$(inherited)",
				);
				GCC_WARN_64_TO_32_BIT_CONVERSION = YES;
				GCC_WARN_ABOUT_RETURN_TYPE = YES_ERROR;
				GCC_WARN_UNDECLARED_SELECTOR = YES;
				GCC_WARN_UNINITIALIZED_AUTOS = YES_AGGRESSIVE;
				GCC_WARN_UNUSED_FUNCTION = YES;
				GCC_WARN_UNUSED_VARIABLE = YES;
				IPHONEOS_DEPLOYMENT_TARGET = 18.1;
				LOCALIZATION_PREFERS_STRING_CATALOGS = YES;
				MTL_ENABLE_DEBUG_INFO = INCLUDE_SOURCE;
				MTL_FAST_MATH = YES;
				ONLY_ACTIVE_ARCH = YES;
				SDKROOT = iphoneos;
				SWIFT_ACTIVE_COMPILATION_CONDITIONS = "DEBUG $(inherited)";
				SWIFT_OPTIMIZATION_LEVEL = "-Onone";
			};
			name = Debug;
		};
		BB71AE782D8E888100FC4CA0 /* Release */ = {
			isa = XCBuildConfiguration;
			buildSettings = {
				ALWAYS_SEARCH_USER_PATHS = NO;
				ASSETCATALOG_COMPILER_GENERATE_SWIFT_ASSET_SYMBOL_EXTENSIONS = YES;
				CLANG_ANALYZER_NONNULL = YES;
				CLANG_ANALYZER_NUMBER_OBJECT_CONVERSION = YES_AGGRESSIVE;
				CLANG_CXX_LANGUAGE_STANDARD = "gnu++20";
				CLANG_ENABLE_MODULES = YES;
				CLANG_ENABLE_OBJC_ARC = YES;
				CLANG_ENABLE_OBJC_WEAK = YES;
				CLANG_WARN_BLOCK_CAPTURE_AUTORELEASING = YES;
				CLANG_WARN_BOOL_CONVERSION = YES;
				CLANG_WARN_COMMA = YES;
				CLANG_WARN_CONSTANT_CONVERSION = YES;
				CLANG_WARN_DEPRECATED_OBJC_IMPLEMENTATIONS = YES;
				CLANG_WARN_DIRECT_OBJC_ISA_USAGE = YES_ERROR;
				CLANG_WARN_DOCUMENTATION_COMMENTS = YES;
				CLANG_WARN_EMPTY_BODY = YES;
				CLANG_WARN_ENUM_CONVERSION = YES;
				CLANG_WARN_INFINITE_RECURSION = YES;
				CLANG_WARN_INT_CONVERSION = YES;
				CLANG_WARN_NON_LITERAL_NULL_CONVERSION = YES;
				CLANG_WARN_OBJC_IMPLICIT_RETAIN_SELF = YES;
				CLANG_WARN_OBJC_LITERAL_CONVERSION = YES;
				CLANG_WARN_OBJC_ROOT_CLASS = YES_ERROR;
				CLANG_WARN_QUOTED_INCLUDE_IN_FRAMEWORK_HEADER = YES;
				CLANG_WARN_RANGE_LOOP_ANALYSIS = YES;
				CLANG_WARN_STRICT_PROTOTYPES = YES;
				CLANG_WARN_SUSPICIOUS_MOVE = YES;
				CLANG_WARN_UNGUARDED_AVAILABILITY = YES_AGGRESSIVE;
				CLANG_WARN_UNREACHABLE_CODE = YES;
				CLANG_WARN__DUPLICATE_METHOD_MATCH = YES;
				COPY_PHASE_STRIP = NO;
				DEBUG_INFORMATION_FORMAT = "dwarf-with-dsym";
				ENABLE_NS_ASSERTIONS = NO;
				ENABLE_STRICT_OBJC_MSGSEND = YES;
				ENABLE_USER_SCRIPT_SANDBOXING = YES;
				GCC_C_LANGUAGE_STANDARD = gnu17;
				GCC_NO_COMMON_BLOCKS = YES;
				GCC_WARN_64_TO_32_BIT_CONVERSION = YES;
				GCC_WARN_ABOUT_RETURN_TYPE = YES_ERROR;
				GCC_WARN_UNDECLARED_SELECTOR = YES;
				GCC_WARN_UNINITIALIZED_AUTOS = YES_AGGRESSIVE;
				GCC_WARN_UNUSED_FUNCTION = YES;
				GCC_WARN_UNUSED_VARIABLE = YES;
				IPHONEOS_DEPLOYMENT_TARGET = 18.1;
				LOCALIZATION_PREFERS_STRING_CATALOGS = YES;
				MTL_ENABLE_DEBUG_INFO = NO;
				MTL_FAST_MATH = YES;
				SDKROOT = iphoneos;
				SWIFT_COMPILATION_MODE = wholemodule;
				VALIDATE_PRODUCT = YES;
			};
			name = Release;
		};
		BB71AE7A2D8E888100FC4CA0 /* Debug */ = {
			isa = XCBuildConfiguration;
			buildSettings = {
				ASSETCATALOG_COMPILER_APPICON_NAME = AppIcon;
				ASSETCATALOG_COMPILER_GLOBAL_ACCENT_COLOR_NAME = AccentColor;
				CODE_SIGN_STYLE = Automatic;
				CURRENT_PROJECT_VERSION = 1;
				DEVELOPMENT_ASSET_PATHS = "\"YapNotes/Preview Content\"";
				DEVELOPMENT_TEAM = BMMD5K9G2L;
				ENABLE_PREVIEWS = YES;
				GENERATE_INFOPLIST_FILE = YES;
				INFOPLIST_KEY_UIApplicationSceneManifest_Generation = YES;
				INFOPLIST_KEY_UIApplicationSupportsIndirectInputEvents = YES;
				INFOPLIST_KEY_UILaunchScreen_Generation = YES;
				INFOPLIST_KEY_UISupportedInterfaceOrientations_iPad = "UIInterfaceOrientationPortrait UIInterfaceOrientationPortraitUpsideDown UIInterfaceOrientationLandscapeLeft UIInterfaceOrientationLandscapeRight";
				INFOPLIST_KEY_UISupportedInterfaceOrientations_iPhone = "UIInterfaceOrientationPortrait UIInterfaceOrientationLandscapeLeft UIInterfaceOrientationLandscapeRight";
				LD_RUNPATH_SEARCH_PATHS = (
					"$(inherited)",
					"@executable_path/Frameworks",
				);
				MARKETING_VERSION = 1.0;
				PRODUCT_BUNDLE_IDENTIFIER = com.wml.YapNotes;
				PRODUCT_NAME = "$(TARGET_NAME)";
				SWIFT_EMIT_LOC_STRINGS = YES;
				SWIFT_VERSION = 5.0;
				TARGETED_DEVICE_FAMILY = "1,2";
			};
			name = Debug;
		};
		BB71AE7B2D8E888100FC4CA0 /* Release */ = {
			isa = XCBuildConfiguration;
			buildSettings = {
				ASSETCATALOG_COMPILER_APPICON_NAME = AppIcon;
				ASSETCATALOG_COMPILER_GLOBAL_ACCENT_COLOR_NAME = AccentColor;
				CODE_SIGN_STYLE = Automatic;
				CURRENT_PROJECT_VERSION = 1;
				DEVELOPMENT_ASSET_PATHS = "\"YapNotes/Preview Content\"";
				DEVELOPMENT_TEAM = BMMD5K9G2L;
				ENABLE_PREVIEWS = YES;
				GENERATE_INFOPLIST_FILE = YES;
				INFOPLIST_KEY_UIApplicationSceneManifest_Generation = YES;
				INFOPLIST_KEY_UIApplicationSupportsIndirectInputEvents = YES;
				INFOPLIST_KEY_UILaunchScreen_Generation = YES;
				INFOPLIST_KEY_UISupportedInterfaceOrientations_iPad = "UIInterfaceOrientationPortrait UIInterfaceOrientationPortraitUpsideDown UIInterfaceOrientationLandscapeLeft UIInterfaceOrientationLandscapeRight";
				INFOPLIST_KEY_UISupportedInterfaceOrientations_iPhone = "UIInterfaceOrientationPortrait UIInterfaceOrientationLandscapeLeft UIInterfaceOrientationLandscapeRight";
				LD_RUNPATH_SEARCH_PATHS = (
					"$(inherited)",
					"@executable_path/Frameworks",
				);
				MARKETING_VERSION = 1.0;
				PRODUCT_BUNDLE_IDENTIFIER = com.wml.YapNotes;
				PRODUCT_NAME = "$(TARGET_NAME)";
				SWIFT_EMIT_LOC_STRINGS = YES;
				SWIFT_VERSION = 5.0;
				TARGETED_DEVICE_FAMILY = "1,2";
			};
			name = Release;
		};
		BB71AE7D2D8E888100FC4CA0 /* Debug */ = {
			isa = XCBuildConfiguration;
			buildSettings = {
				BUNDLE_LOADER = "$(TEST_HOST)";
				CODE_SIGN_STYLE = Automatic;
				CURRENT_PROJECT_VERSION = 1;
				DEVELOPMENT_TEAM = BMMD5K9G2L;
				GENERATE_INFOPLIST_FILE = YES;
				IPHONEOS_DEPLOYMENT_TARGET = 18.1;
				MARKETING_VERSION = 1.0;
				PRODUCT_BUNDLE_IDENTIFIER = com.wml.YapNotesTests;
				PRODUCT_NAME = "$(TARGET_NAME)";
				SWIFT_EMIT_LOC_STRINGS = NO;
				SWIFT_VERSION = 5.0;
				TARGETED_DEVICE_FAMILY = "1,2";
				TEST_HOST = "$(BUILT_PRODUCTS_DIR)/YapNotes.app/$(BUNDLE_EXECUTABLE_FOLDER_PATH)/YapNotes";
			};
			name = Debug;
		};
		BB71AE7E2D8E888100FC4CA0 /* Release */ = {
			isa = XCBuildConfiguration;
			buildSettings = {
				BUNDLE_LOADER = "$(TEST_HOST)";
				CODE_SIGN_STYLE = Automatic;
				CURRENT_PROJECT_VERSION = 1;
				DEVELOPMENT_TEAM = BMMD5K9G2L;
				GENERATE_INFOPLIST_FILE = YES;
				IPHONEOS_DEPLOYMENT_TARGET = 18.1;
				MARKETING_VERSION = 1.0;
				PRODUCT_BUNDLE_IDENTIFIER = com.wml.YapNotesTests;
				PRODUCT_NAME = "$(TARGET_NAME)";
				SWIFT_EMIT_LOC_STRINGS = NO;
				SWIFT_VERSION = 5.0;
				TARGETED_DEVICE_FAMILY = "1,2";
				TEST_HOST = "$(BUILT_PRODUCTS_DIR)/YapNotes.app/$(BUNDLE_EXECUTABLE_FOLDER_PATH)/YapNotes";
			};
			name = Release;
		};
		BB71AE802D8E888100FC4CA0 /* Debug */ = {
			isa = XCBuildConfiguration;
			buildSettings = {
				CODE_SIGN_STYLE = Automatic;
				CURRENT_PROJECT_VERSION = 1;
				DEVELOPMENT_TEAM = BMMD5K9G2L;
				GENERATE_INFOPLIST_FILE = YES;
				MARKETING_VERSION = 1.0;
				PRODUCT_BUNDLE_IDENTIFIER = com.wml.YapNotesUITests;
				PRODUCT_NAME = "$(TARGET_NAME)";
				SWIFT_EMIT_LOC_STRINGS = NO;
				SWIFT_VERSION = 5.0;
				TARGETED_DEVICE_FAMILY = "1,2";
				TEST_TARGET_NAME = YapNotes;
			};
			name = Debug;
		};
		BB71AE812D8E888100FC4CA0 /* Release */ = {
			isa = XCBuildConfiguration;
			buildSettings = {
				CODE_SIGN_STYLE = Automatic;
				CURRENT_PROJECT_VERSION = 1;
				DEVELOPMENT_TEAM = BMMD5K9G2L;
				GENERATE_INFOPLIST_FILE = YES;
				MARKETING_VERSION = 1.0;
				PRODUCT_BUNDLE_IDENTIFIER = com.wml.YapNotesUITests;
				PRODUCT_NAME = "$(TARGET_NAME)";
				SWIFT_EMIT_LOC_STRINGS = NO;
				SWIFT_VERSION = 5.0;
				TARGETED_DEVICE_FAMILY = "1,2";
				TEST_TARGET_NAME = YapNotes;
			};
			name = Release;
		};
/* End XCBuildConfiguration section */

/* Begin XCConfigurationList section */
		BB71AE502D8E888000FC4CA0 /* Build configuration list for PBXProject "YapNotes" */ = {
			isa = XCConfigurationList;
			buildConfigurations = (
				BB71AE772D8E888100FC4CA0 /* Debug */,
				BB71AE782D8E888100FC4CA0 /* Release */,
			);
			defaultConfigurationIsVisible = 0;
			defaultConfigurationName = Release;
		};
		BB71AE792D8E888100FC4CA0 /* Build configuration list for PBXNativeTarget "YapNotes" */ = {
			isa = XCConfigurationList;
			buildConfigurations = (
				BB71AE7A2D8E888100FC4CA0 /* Debug */,
				BB71AE7B2D8E888100FC4CA0 /* Release */,
			);
			defaultConfigurationIsVisible = 0;
			defaultConfigurationName = Release;
		};
		BB71AE7C2D8E888100FC4CA0 /* Build configuration list for PBXNativeTarget "YapNotesTests" */ = {
			isa = XCConfigurationList;
			buildConfigurations = (
				BB71AE7D2D8E888100FC4CA0 /* Debug */,
				BB71AE7E2D8E888100FC4CA0 /* Release */,
			);
			defaultConfigurationIsVisible = 0;
			defaultConfigurationName = Release;
		};
		BB71AE7F2D8E888100FC4CA0 /* Build configuration list for PBXNativeTarget "YapNotesUITests" */ = {
			isa = XCConfigurationList;
			buildConfigurations = (
				BB71AE802D8E888100FC4CA0 /* Debug */,
				BB71AE812D8E888100FC4CA0 /* Release */,
			);
			defaultConfigurationIsVisible = 0;
			defaultConfigurationName = Release;
		};
/* End XCConfigurationList section */
	};
	rootObject = BB71AE4D2D8E888000FC4CA0 /* Project object */;
}
